
Microsoft Visual Studio Solution File, Format Version 12.00
# Visual Studio Version 17
VisualStudioVersion = 17.3.32929.385
MinimumVisualStudioVersion = 10.0.40219.1
Project("{FAE04EC0-301F-11D3-BF4B-00C04F79EFBC}") = "PickUpLinesApp", "PickUpLinesApp.csproj", "{15ADD864-5ECC-4FCC-9F4C-A4A96DCC5A80}"
EndProject
Global
	GlobalSection(SolutionConfigurationPlatforms) = preSolution
		Debug|Any CPU = Debug|Any CPU
		Release|Any CPU = Release|Any CPU
	EndGlobalSection
	GlobalSection(ProjectConfigurationPlatforms) = postSolution
		{15ADD864-5ECC-4FCC-9F4C-A4A96DCC5A80}.Debug|Any CPU.ActiveCfg = Debug|Any CPU
		{15ADD864-5ECC-4FCC-9F4C-A4A96DCC5A80}.Debug|Any CPU.Build.0 = Debug|Any CPU
		{15ADD864-5ECC-4FCC-9F4C-A4A96DCC5A80}.Release|Any CPU.ActiveCfg = Release|Any CPU
		{15ADD864-5ECC-4FCC-9F4C-A4A96DCC5A80}.Release|Any CPU.Build.0 = Release|Any CPU
	EndGlobalSection
	GlobalSection(SolutionProperties) = preSolution
		HideSolutionNode = FALSE
	EndGlobalSection
	GlobalSection(ExtensibilityGlobals) = postSolution
		SolutionGuid = {F8D67609-EBEF-4B49-998A-0C625A87F0EE}
	EndGlobalSection
EndGlobal
